// !$*UTF8*$!
{
	archiveVersion = 1;
	classes = {
	};
	objectVersion = 56;
	objects = {

/* Begin PBXBuildFile section */
		C523847B2B7432E800E4EDBD /* 1024.png in Resources */ = {isa = PBXBuildFile; fileRef = C523847A2B7432E800E4EDBD /* 1024.png */; };
		C59C6A522B71BDDE006409FA /* AddACard.swift in Sources */ = {isa = PBXBuildFile; fileRef = C59C6A512B71BDDE006409FA /* AddACard.swift */; };
		C59C6A542B71C730006409FA /* FlashcardReviewMode.swift in Sources */ = {isa = PBXBuildFile; fileRef = C59C6A532B71C730006409FA /* FlashcardReviewMode.swift */; };
		C59C6A562B7295D0006409FA /* EditCard.swift in Sources */ = {isa = PBXBuildFile; fileRef = C59C6A552B7295D0006409FA /* EditCard.swift */; };
		C59C6A582B729965006409FA /* EditCardSet.swift in Sources */ = {isa = PBXBuildFile; fileRef = C59C6A572B729965006409FA /* EditCardSet.swift */; };
		C5A9A4C22B746CF70053ACC3 /* take_card.mp3 in Resources */ = {isa = PBXBuildFile; fileRef = C5A9A4C12B746CF70053ACC3 /* take_card.mp3 */; };
		C5B09AE22B669F3200C3AEE4 /* FlashcardsApp.swift in Sources */ = {isa = PBXBuildFile; fileRef = C5B09AE12B669F3200C3AEE4 /* FlashcardsApp.swift */; };
		C5B09AE42B669F3200C3AEE4 /* ContentView.swift in Sources */ = {isa = PBXBuildFile; fileRef = C5B09AE32B669F3200C3AEE4 /* ContentView.swift */; };
		C5B09AE62B669F3200C3AEE4 /* Card.swift in Sources */ = {isa = PBXBuildFile; fileRef = C5B09AE52B669F3200C3AEE4 /* Card.swift */; };
		C5B09AE82B669F3400C3AEE4 /* Assets.xcassets in Resources */ = {isa = PBXBuildFile; fileRef = C5B09AE72B669F3400C3AEE4 /* Assets.xcassets */; };
		C5B09AEB2B669F3400C3AEE4 /* Preview Assets.xcassets in Resources */ = {isa = PBXBuildFile; fileRef = C5B09AEA2B669F3400C3AEE4 /* Preview Assets.xcassets */; };
		C5B09AF32B66A10600C3AEE4 /* CardSet.swift in Sources */ = {isa = PBXBuildFile; fileRef = C5B09AF22B66A10600C3AEE4 /* CardSet.swift */; };
		C5B09AF52B66A25A00C3AEE4 /* CardsetList.swift in Sources */ = {isa = PBXBuildFile; fileRef = C5B09AF42B66A25A00C3AEE4 /* CardsetList.swift */; };
		C5B09AF82B66A50F00C3AEE4 /* CreateCardSet.swift in Sources */ = {isa = PBXBuildFile; fileRef = C5B09AF72B66A50F00C3AEE4 /* CreateCardSet.swift */; };
		C5B09AFA2B66A68000C3AEE4 /* SetViewer.swift in Sources */ = {isa = PBXBuildFile; fileRef = C5B09AF92B66A68000C3AEE4 /* SetViewer.swift */; };
/* End PBXBuildFile section */

/* Begin PBXFileReference section */
		C523847A2B7432E800E4EDBD /* 1024.png */ = {isa = PBXFileReference; lastKnownFileType = image.png; path = 1024.png; sourceTree = "<group>"; };
		C59C6A512B71BDDE006409FA /* AddACard.swift */ = {isa = PBXFileReference; lastKnownFileType = sourcecode.swift; path = AddACard.swift; sourceTree = "<group>"; };
		C59C6A532B71C730006409FA /* FlashcardReviewMode.swift */ = {isa = PBXFileReference; lastKnownFileType = sourcecode.swift; path = FlashcardReviewMode.swift; sourceTree = "<group>"; };
		C59C6A552B7295D0006409FA /* EditCard.swift */ = {isa = PBXFileReference; lastKnownFileType = sourcecode.swift; path = EditCard.swift; sourceTree = "<group>"; };
		C59C6A572B729965006409FA /* EditCardSet.swift */ = {isa = PBXFileReference; lastKnownFileType = sourcecode.swift; path = EditCardSet.swift; sourceTree = "<group>"; };
		C5A9A4C12B746CF70053ACC3 /* take_card.mp3 */ = {isa = PBXFileReference; lastKnownFileType = audio.mp3; path = take_card.mp3; sourceTree = "<group>"; };
		C5B09ADE2B669F3200C3AEE4 /* Cardio.app */ = {isa = PBXFileReference; explicitFileType = wrapper.application; includeInIndex = 0; path = Cardio.app; sourceTree = BUILT_PRODUCTS_DIR; };
		C5B09AE12B669F3200C3AEE4 /* FlashcardsApp.swift */ = {isa = PBXFileReference; lastKnownFileType = sourcecode.swift; path = FlashcardsApp.swift; sourceTree = "<group>"; };
		C5B09AE32B669F3200C3AEE4 /* ContentView.swift */ = {isa = PBXFileReference; lastKnownFileType = sourcecode.swift; path = ContentView.swift; sourceTree = "<group>"; };
		C5B09AE52B669F3200C3AEE4 /* Card.swift */ = {isa = PBXFileReference; lastKnownFileType = sourcecode.swift; path = Card.swift; sourceTree = "<group>"; };
		C5B09AE72B669F3400C3AEE4 /* Assets.xcassets */ = {isa = PBXFileReference; lastKnownFileType = folder.assetcatalog; path = Assets.xcassets; sourceTree = "<group>"; };
		C5B09AEA2B669F3400C3AEE4 /* Preview Assets.xcassets */ = {isa = PBXFileReference; lastKnownFileType = folder.assetcatalog; path = "Preview Assets.xcassets"; sourceTree = "<group>"; };
		C5B09AF22B66A10600C3AEE4 /* CardSet.swift */ = {isa = PBXFileReference; lastKnownFileType = sourcecode.swift; path = CardSet.swift; sourceTree = "<group>"; };
		C5B09AF42B66A25A00C3AEE4 /* CardsetList.swift */ = {isa = PBXFileReference; lastKnownFileType = sourcecode.swift; path = CardsetList.swift; sourceTree = "<group>"; };
		C5B09AF72B66A50F00C3AEE4 /* CreateCardSet.swift */ = {isa = PBXFileReference; lastKnownFileType = sourcecode.swift; path = CreateCardSet.swift; sourceTree = "<group>"; };
		C5B09AF92B66A68000C3AEE4 /* SetViewer.swift */ = {isa = PBXFileReference; lastKnownFileType = sourcecode.swift; path = SetViewer.swift; sourceTree = "<group>"; };
/* End PBXFileReference section */

/* Begin PBXFrameworksBuildPhase section */
		C5B09ADB2B669F3200C3AEE4 /* Frameworks */ = {
			isa = PBXFrameworksBuildPhase;
			buildActionMask = 2147483647;
			files = (
			);
			runOnlyForDeploymentPostprocessing = 0;
		};
/* End PBXFrameworksBuildPhase section */

/* Begin PBXGroup section */
		C5B09AD52B669F3200C3AEE4 = {
			isa = PBXGroup;
			children = (
				C5B09AE02B669F3200C3AEE4 /* Flashcards */,
				C5B09ADF2B669F3200C3AEE4 /* Products */,
			);
			sourceTree = "<group>";
		};
		C5B09ADF2B669F3200C3AEE4 /* Products */ = {
			isa = PBXGroup;
			children = (
				C5B09ADE2B669F3200C3AEE4 /* Cardio.app */,
			);
			name = Products;
			sourceTree = "<group>";
		};
		C5B09AE02B669F3200C3AEE4 /* Flashcards */ = {
			isa = PBXGroup;
			children = (
				C5A9A4C12B746CF70053ACC3 /* take_card.mp3 */,
				C523847A2B7432E800E4EDBD /* 1024.png */,
				C5B09AE12B669F3200C3AEE4 /* FlashcardsApp.swift */,
				C5B09AE32B669F3200C3AEE4 /* ContentView.swift */,
				C5B09AF22B66A10600C3AEE4 /* CardSet.swift */,
				C5B09AF12B66A0DD00C3AEE4 /* Card Management */,
				C5B09AE72B669F3400C3AEE4 /* Assets.xcassets */,
				C5B09AE92B669F3400C3AEE4 /* Preview Content */,
			);
			path = Flashcards;
			sourceTree = "<group>";
		};
		C5B09AE92B669F3400C3AEE4 /* Preview Content */ = {
			isa = PBXGroup;
			children = (
				C5B09AEA2B669F3400C3AEE4 /* Preview Assets.xcassets */,
			);
			path = "Preview Content";
			sourceTree = "<group>";
		};
		C5B09AF12B66A0DD00C3AEE4 /* Card Management */ = {
			isa = PBXGroup;
			children = (
				C5B09AE52B669F3200C3AEE4 /* Card.swift */,
				C5B09AF62B66A27F00C3AEE4 /* Views */,
			);
			path = "Card Management";
			sourceTree = "<group>";
		};
		C5B09AF62B66A27F00C3AEE4 /* Views */ = {
			isa = PBXGroup;
			children = (
				C59C6A512B71BDDE006409FA /* AddACard.swift */,
				C5B09AF42B66A25A00C3AEE4 /* CardsetList.swift */,
				C5B09AF72B66A50F00C3AEE4 /* CreateCardSet.swift */,
				C59C6A532B71C730006409FA /* FlashcardReviewMode.swift */,
				C5B09AF92B66A68000C3AEE4 /* SetViewer.swift */,
				C59C6A552B7295D0006409FA /* EditCard.swift */,
				C59C6A572B729965006409FA /* EditCardSet.swift */,
			);
			path = Views;
			sourceTree = "<group>";
		};
/* End PBXGroup section */

/* Begin PBXNativeTarget section */
		C5B09ADD2B669F3200C3AEE4 /* Cardio */ = {
			isa = PBXNativeTarget;
			buildConfigurationList = C5B09AEE2B669F3400C3AEE4 /* Build configuration list for PBXNativeTarget "Cardio" */;
			buildPhases = (
				C5B09ADA2B669F3200C3AEE4 /* Sources */,
				C5B09ADB2B669F3200C3AEE4 /* Frameworks */,
				C5B09ADC2B669F3200C3AEE4 /* Resources */,
			);
			buildRules = (
			);
			dependencies = (
			);
			name = Cardio;
			productName = Flashcards;
			productReference = C5B09ADE2B669F3200C3AEE4 /* Cardio.app */;
			productType = "com.apple.product-type.application";
		};
/* End PBXNativeTarget section */

/* Begin PBXProject section */
		C5B09AD62B669F3200C3AEE4 /* Project object */ = {
			isa = PBXProject;
			attributes = {
				BuildIndependentTargetsInParallel = 1;
				LastSwiftUpdateCheck = 1520;
				LastUpgradeCheck = 1520;
				TargetAttributes = {
					C5B09ADD2B669F3200C3AEE4 = {
						CreatedOnToolsVersion = 15.2;
					};
				};
			};
			buildConfigurationList = C5B09AD92B669F3200C3AEE4 /* Build configuration list for PBXProject "Cardio" */;
			compatibilityVersion = "Xcode 14.0";
			developmentRegion = en;
			hasScannedForEncodings = 0;
			knownRegions = (
				en,
				Base,
			);
			mainGroup = C5B09AD52B669F3200C3AEE4;
			productRefGroup = C5B09ADF2B669F3200C3AEE4 /* Products */;
			projectDirPath = "";
			projectRoot = "";
			targets = (
				C5B09ADD2B669F3200C3AEE4 /* Cardio */,
			);
		};
/* End PBXProject section */

/* Begin PBXResourcesBuildPhase section */
		C5B09ADC2B669F3200C3AEE4 /* Resources */ = {
			isa = PBXResourcesBuildPhase;
			buildActionMask = 2147483647;
			files = (
				C523847B2B7432E800E4EDBD /* 1024.png in Resources */,
				C5A9A4C22B746CF70053ACC3 /* take_card.mp3 in Resources */,
				C5B09AEB2B669F3400C3AEE4 /* Preview Assets.xcassets in Resources */,
				C5B09AE82B669F3400C3AEE4 /* Assets.xcassets in Resources */,
			);
			runOnlyForDeploymentPostprocessing = 0;
		};
/* End PBXResourcesBuildPhase section */

/* Begin PBXSourcesBuildPhase section */
		C5B09ADA2B669F3200C3AEE4 /* Sources */ = {
			isa = PBXSourcesBuildPhase;
			buildActionMask = 2147483647;
			files = (
				C59C6A542B71C730006409FA /* FlashcardReviewMode.swift in Sources */,
				C5B09AF52B66A25A00C3AEE4 /* CardsetList.swift in Sources */,
				C5B09AE42B669F3200C3AEE4 /* ContentView.swift in Sources */,
				C5B09AFA2B66A68000C3AEE4 /* SetViewer.swift in Sources */,
				C5B09AF82B66A50F00C3AEE4 /* CreateCardSet.swift in Sources */,
				C5B09AE62B669F3200C3AEE4 /* Card.swift in Sources */,
				C59C6A522B71BDDE006409FA /* AddACard.swift in Sources */,
				C59C6A582B729965006409FA /* EditCardSet.swift in Sources */,
				C59C6A562B7295D0006409FA /* EditCard.swift in Sources */,
				C5B09AF32B66A10600C3AEE4 /* CardSet.swift in Sources */,
				C5B09AE22B669F3200C3AEE4 /* FlashcardsApp.swift in Sources */,
			);
			runOnlyForDeploymentPostprocessing = 0;
		};
/* End PBXSourcesBuildPhase section */

/* Begin XCBuildConfiguration section */
		C5B09AEC2B669F3400C3AEE4 /* Debug */ = {
			isa = XCBuildConfiguration;
			buildSettings = {
				ALWAYS_SEARCH_USER_PATHS = NO;
				ASSETCATALOG_COMPILER_GENERATE_SWIFT_ASSET_SYMBOL_EXTENSIONS = YES;
				CLANG_ANALYZER_NONNULL = YES;
				CLANG_ANALYZER_NUMBER_OBJECT_CONVERSION = YES_AGGRESSIVE;
				CLANG_CXX_LANGUAGE_STANDARD = "gnu++20";
				CLANG_ENABLE_MODULES = YES;
				CLANG_ENABLE_OBJC_ARC = YES;
				CLANG_ENABLE_OBJC_WEAK = YES;
				CLANG_WARN_BLOCK_CAPTURE_AUTORELEASING = YES;
				CLANG_WARN_BOOL_CONVERSION = YES;
				CLANG_WARN_COMMA = YES;
				CLANG_WARN_CONSTANT_CONVERSION = YES;
				CLANG_WARN_DEPRECATED_OBJC_IMPLEMENTATIONS = YES;
				CLANG_WARN_DIRECT_OBJC_ISA_USAGE = YES_ERROR;
				CLANG_WARN_DOCUMENTATION_COMMENTS = YES;
				CLANG_WARN_EMPTY_BODY = YES;
				CLANG_WARN_ENUM_CONVERSION = YES;
				CLANG_WARN_INFINITE_RECURSION = YES;
				CLANG_WARN_INT_CONVERSION = YES;
				CLANG_WARN_NON_LITERAL_NULL_CONVERSION = YES;
				CLANG_WARN_OBJC_IMPLICIT_RETAIN_SELF = YES;
				CLANG_WARN_OBJC_LITERAL_CONVERSION = YES;
				CLANG_WARN_OBJC_ROOT_CLASS = YES_ERROR;
				CLANG_WARN_QUOTED_INCLUDE_IN_FRAMEWORK_HEADER = YES;
				CLANG_WARN_RANGE_LOOP_ANALYSIS = YES;
				CLANG_WARN_STRICT_PROTOTYPES = YES;
				CLANG_WARN_SUSPICIOUS_MOVE = YES;
				CLANG_WARN_UNGUARDED_AVAILABILITY = YES_AGGRESSIVE;
				CLANG_WARN_UNREACHABLE_CODE = YES;
				CLANG_WARN__DUPLICATE_METHOD_MATCH = YES;
				COPY_PHASE_STRIP = NO;
				DEBUG_INFORMATION_FORMAT = dwarf;
				ENABLE_STRICT_OBJC_MSGSEND = YES;
				ENABLE_TESTABILITY = YES;
				ENABLE_USER_SCRIPT_SANDBOXING = YES;
				GCC_C_LANGUAGE_STANDARD = gnu17;
				GCC_DYNAMIC_NO_PIC = NO;
				GCC_NO_COMMON_BLOCKS = YES;
				GCC_OPTIMIZATION_LEVEL = 0;
				GCC_PREPROCESSOR_DEFINITIONS = (
					"DEBUG=1",
					"$(inherited)",
				);
				GCC_WARN_64_TO_32_BIT_CONVERSION = YES;
				GCC_WARN_ABOUT_RETURN_TYPE = YES_ERROR;
				GCC_WARN_UNDECLARED_SELECTOR = YES;
				GCC_WARN_UNINITIALIZED_AUTOS = YES_AGGRESSIVE;
				GCC_WARN_UNUSED_FUNCTION = YES;
				GCC_WARN_UNUSED_VARIABLE = YES;
				IPHONEOS_DEPLOYMENT_TARGET = 17.2;
				LOCALIZATION_PREFERS_STRING_CATALOGS = YES;
				MTL_ENABLE_DEBUG_INFO = INCLUDE_SOURCE;
				MTL_FAST_MATH = YES;
				ONLY_ACTIVE_ARCH = YES;
				SDKROOT = iphoneos;
				SWIFT_ACTIVE_COMPILATION_CONDITIONS = "DEBUG $(inherited)";
				SWIFT_OPTIMIZATION_LEVEL = "-Onone";
			};
			name = Debug;
		};
		C5B09AED2B669F3400C3AEE4 /* Release */ = {
			isa = XCBuildConfiguration;
			buildSettings = {
				ALWAYS_SEARCH_USER_PATHS = NO;
				ASSETCATALOG_COMPILER_GENERATE_SWIFT_ASSET_SYMBOL_EXTENSIONS = YES;
				CLANG_ANALYZER_NONNULL = YES;
				CLANG_ANALYZER_NUMBER_OBJECT_CONVERSION = YES_AGGRESSIVE;
				CLANG_CXX_LANGUAGE_STANDARD = "gnu++20";
				CLANG_ENABLE_MODULES = YES;
				CLANG_ENABLE_OBJC_ARC = YES;
				CLANG_ENABLE_OBJC_WEAK = YES;
				CLANG_WARN_BLOCK_CAPTURE_AUTORELEASING = YES;
				CLANG_WARN_BOOL_CONVERSION = YES;
				CLANG_WARN_COMMA = YES;
				CLANG_WARN_CONSTANT_CONVERSION = YES;
				CLANG_WARN_DEPRECATED_OBJC_IMPLEMENTATIONS = YES;
				CLANG_WARN_DIRECT_OBJC_ISA_USAGE = YES_ERROR;
				CLANG_WARN_DOCUMENTATION_COMMENTS = YES;
				CLANG_WARN_EMPTY_BODY = YES;
				CLANG_WARN_ENUM_CONVERSION = YES;
				CLANG_WARN_INFINITE_RECURSION = YES;
				CLANG_WARN_INT_CONVERSION = YES;
				CLANG_WARN_NON_LITERAL_NULL_CONVERSION = YES;
				CLANG_WARN_OBJC_IMPLICIT_RETAIN_SELF = YES;
				CLANG_WARN_OBJC_LITERAL_CONVERSION = YES;
				CLANG_WARN_OBJC_ROOT_CLASS = YES_ERROR;
				CLANG_WARN_QUOTED_INCLUDE_IN_FRAMEWORK_HEADER = YES;
				CLANG_WARN_RANGE_LOOP_ANALYSIS = YES;
				CLANG_WARN_STRICT_PROTOTYPES = YES;
				CLANG_WARN_SUSPICIOUS_MOVE = YES;
				CLANG_WARN_UNGUARDED_AVAILABILITY = YES_AGGRESSIVE;
				CLANG_WARN_UNREACHABLE_CODE = YES;
				CLANG_WARN__DUPLICATE_METHOD_MATCH = YES;
				COPY_PHASE_STRIP = NO;
				DEBUG_INFORMATION_FORMAT = "dwarf-with-dsym";
				ENABLE_NS_ASSERTIONS = NO;
				ENABLE_STRICT_OBJC_MSGSEND = YES;
				ENABLE_USER_SCRIPT_SANDBOXING = YES;
				GCC_C_LANGUAGE_STANDARD = gnu17;
				GCC_NO_COMMON_BLOCKS = YES;
				GCC_WARN_64_TO_32_BIT_CONVERSION = YES;
				GCC_WARN_ABOUT_RETURN_TYPE = YES_ERROR;
				GCC_WARN_UNDECLARED_SELECTOR = YES;
				GCC_WARN_UNINITIALIZED_AUTOS = YES_AGGRESSIVE;
				GCC_WARN_UNUSED_FUNCTION = YES;
				GCC_WARN_UNUSED_VARIABLE = YES;
				IPHONEOS_DEPLOYMENT_TARGET = 17.2;
				LOCALIZATION_PREFERS_STRING_CATALOGS = YES;
				MTL_ENABLE_DEBUG_INFO = NO;
				MTL_FAST_MATH = YES;
				SDKROOT = iphoneos;
				SWIFT_COMPILATION_MODE = wholemodule;
				VALIDATE_PRODUCT = YES;
			};
			name = Release;
		};
		C5B09AEF2B669F3400C3AEE4 /* Debug */ = {
			isa = XCBuildConfiguration;
			buildSettings = {
				ASSETCATALOG_COMPILER_APPICON_NAME = AppIcon;
				ASSETCATALOG_COMPILER_GLOBAL_ACCENT_COLOR_NAME = AccentColor;
				CODE_SIGN_STYLE = Automatic;
				CURRENT_PROJECT_VERSION = 1;
				DEVELOPMENT_ASSET_PATHS = "\"Flashcards/Preview Content\"";
				DEVELOPMENT_TEAM = 47W8CAGQ86;
				ENABLE_PREVIEWS = YES;
				GENERATE_INFOPLIST_FILE = YES;
				INFOPLIST_KEY_CFBundleDisplayName = Cardio;
				INFOPLIST_KEY_LSApplicationCategoryType = "public.app-category.education";
				INFOPLIST_KEY_UIApplicationSceneManifest_Generation = YES;
				INFOPLIST_KEY_UIApplicationSupportsIndirectInputEvents = YES;
				INFOPLIST_KEY_UILaunchScreen_Generation = YES;
				INFOPLIST_KEY_UISupportedInterfaceOrientations = "UIInterfaceOrientationLandscapeLeft UIInterfaceOrientationLandscapeRight UIInterfaceOrientationPortrait";
				INFOPLIST_KEY_UISupportedInterfaceOrientations_iPad = "UIInterfaceOrientationLandscapeLeft UIInterfaceOrientationLandscapeRight UIInterfaceOrientationPortrait UIInterfaceOrientationPortraitUpsideDown";
				LD_RUNPATH_SEARCH_PATHS = (
					"$(inherited)",
					"@executable_path/Frameworks",
				);
				MARKETING_VERSION = 1.0;
				PRODUCT_BUNDLE_IDENTIFIER = RHR.Flashcards;
				PRODUCT_NAME = "$(TARGET_NAME)";
				SWIFT_EMIT_LOC_STRINGS = YES;
				SWIFT_VERSION = 5.0;
				TARGETED_DEVICE_FAMILY = "1,2";
			};
			name = Debug;
		};
		C5B09AF02B669F3400C3AEE4 /* Release */ = {
			isa = XCBuildConfiguration;
			buildSettings = {
				ASSETCATALOG_COMPILER_APPICON_NAME = AppIcon;
				ASSETCATALOG_COMPILER_GLOBAL_ACCENT_COLOR_NAME = AccentColor;
				CODE_SIGN_STYLE = Automatic;
				CURRENT_PROJECT_VERSION = 1;
				DEVELOPMENT_ASSET_PATHS = "\"Flashcards/Preview Content\"";
				DEVELOPMENT_TEAM = 47W8CAGQ86;
				ENABLE_PREVIEWS = YES;
				GENERATE_INFOPLIST_FILE = YES;
				INFOPLIST_KEY_CFBundleDisplayName = Cardio;
				INFOPLIST_KEY_LSApplicationCategoryType = "public.app-category.education";
				INFOPLIST_KEY_UIApplicationSceneManifest_Generation = YES;
				INFOPLIST_KEY_UIApplicationSupportsIndirectInputEvents = YES;
				INFOPLIST_KEY_UILaunchScreen_Generation = YES;
				INFOPLIST_KEY_UISupportedInterfaceOrientations = "UIInterfaceOrientationLandscapeLeft UIInterfaceOrientationLandscapeRight UIInterfaceOrientationPortrait";
				INFOPLIST_KEY_UISupportedInterfaceOrientations_iPad = "UIInterfaceOrientationLandscapeLeft UIInterfaceOrientationLandscapeRight UIInterfaceOrientationPortrait UIInterfaceOrientationPortraitUpsideDown";
				LD_RUNPATH_SEARCH_PATHS = (
					"$(inherited)",
					"@executable_path/Frameworks",
				);
				MARKETING_VERSION = 1.0;
				PRODUCT_BUNDLE_IDENTIFIER = RHR.Flashcards;
				PRODUCT_NAME = "$(TARGET_NAME)";
				SWIFT_EMIT_LOC_STRINGS = YES;
				SWIFT_VERSION = 5.0;
				TARGETED_DEVICE_FAMILY = "1,2";
			};
			name = Release;
		};
/* End XCBuildConfiguration section */

/* Begin XCConfigurationList section */
		C5B09AD92B669F3200C3AEE4 /* Build configuration list for PBXProject "Cardio" */ = {
			isa = XCConfigurationList;
			buildConfigurations = (
				C5B09AEC2B669F3400C3AEE4 /* Debug */,
				C5B09AED2B669F3400C3AEE4 /* Release */,
			);
			defaultConfigurationIsVisible = 0;
			defaultConfigurationName = Release;
		};
		C5B09AEE2B669F3400C3AEE4 /* Build configuration list for PBXNativeTarget "Cardio" */ = {
			isa = XCConfigurationList;
			buildConfigurations = (
				C5B09AEF2B669F3400C3AEE4 /* Debug */,
				C5B09AF02B669F3400C3AEE4 /* Release */,
			);
			defaultConfigurationIsVisible = 0;
			defaultConfigurationName = Release;
		};
/* End XCConfigurationList section */
	};
	rootObject = C5B09AD62B669F3200C3AEE4 /* Project object */;
}
